
Microsoft Visual Studio Solution File, Format Version 12.00
# Visual Studio Version 16
VisualStudioVersion = 16.0.31410.357
MinimumVisualStudioVersion = 10.0.40219.1
Project("{9A19103F-16F7-4668-BE54-9A1E7A4F7556}") = "Mono2Micro.Monolithic.App.Web", "Mono2Micro.Monolithic.App.Web\Mono2Micro.Monolithic.App.Web.csproj", "{F2CECA47-6B3A-4B64-8418-9C37598211A6}"
EndProject
Project("{FAE04EC0-301F-11D3-BF4B-00C04F79EFBC}") = "Mono2Micro.App.DAL", "Mono2Micro.App.DAL\Mono2Micro.App.DAL.csproj", "{5A50087D-4696-405F-AC7B-07DCFF3698B8}"
EndProject
Project("{FAE04EC0-301F-11D3-BF4B-00C04F79EFBC}") = "Mono2Micro.App.Model", "Mono2Micro.App.Model\Mono2Micro.App.Model.csproj", "{C7262D5B-71A0-41F4-8044-D34E06A01C83}"
EndProject
Project("{FAE04EC0-301F-11D3-BF4B-00C04F79EFBC}") = "Mono2Micro.App.Service", "Mono2Micro.App.Service\Mono2Micro.App.Service.csproj", "{F2D60843-CD89-4AA9-BDB8-031F05EDB2D0}"
EndProject
Global
	GlobalSection(SolutionConfigurationPlatforms) = preSolution
		Debug|Any CPU = Debug|Any CPU
		Release|Any CPU = Release|Any CPU
	EndGlobalSection
	GlobalSection(ProjectConfigurationPlatforms) = postSolution
		{F2CECA47-6B3A-4B64-8418-9C37598211A6}.Debug|Any CPU.ActiveCfg = Debug|Any CPU
		{F2CECA47-6B3A-4B64-8418-9C37598211A6}.Debug|Any CPU.Build.0 = Debug|Any CPU
		{F2CECA47-6B3A-4B64-8418-9C37598211A6}.Release|Any CPU.ActiveCfg = Release|Any CPU
		{F2CECA47-6B3A-4B64-8418-9C37598211A6}.Release|Any CPU.Build.0 = Release|Any CPU
		{5A50087D-4696-405F-AC7B-07DCFF3698B8}.Debug|Any CPU.ActiveCfg = Debug|Any CPU
		{5A50087D-4696-405F-AC7B-07DCFF3698B8}.Debug|Any CPU.Build.0 = Debug|Any CPU
		{5A50087D-4696-405F-AC7B-07DCFF3698B8}.Release|Any CPU.ActiveCfg = Release|Any CPU
		{5A50087D-4696-405F-AC7B-07DCFF3698B8}.Release|Any CPU.Build.0 = Release|Any CPU
		{C7262D5B-71A0-41F4-8044-D34E06A01C83}.Debug|Any CPU.ActiveCfg = Debug|Any CPU
		{C7262D5B-71A0-41F4-8044-D34E06A01C83}.Debug|Any CPU.Build.0 = Debug|Any CPU
		{C7262D5B-71A0-41F4-8044-D34E06A01C83}.Release|Any CPU.ActiveCfg = Release|Any CPU
		{C7262D5B-71A0-41F4-8044-D34E06A01C83}.Release|Any CPU.Build.0 = Release|Any CPU
		{F2D60843-CD89-4AA9-BDB8-031F05EDB2D0}.Debug|Any CPU.ActiveCfg = Debug|Any CPU
		{F2D60843-CD89-4AA9-BDB8-031F05EDB2D0}.Debug|Any CPU.Build.0 = Debug|Any CPU
		{F2D60843-CD89-4AA9-BDB8-031F05EDB2D0}.Release|Any CPU.ActiveCfg = Release|Any CPU
		{F2D60843-CD89-4AA9-BDB8-031F05EDB2D0}.Release|Any CPU.Build.0 = Release|Any CPU
	EndGlobalSection
	GlobalSection(SolutionProperties) = preSolution
		HideSolutionNode = FALSE
	EndGlobalSection
	GlobalSection(ExtensibilityGlobals) = postSolution
		SolutionGuid = {C8F58D33-B808-4D96-B450-6CE4862199D8}
	EndGlobalSection
EndGlobal
